
Microsoft Visual Studio Solution File, Format Version 12.00
# Visual Studio Version 16
VisualStudioVersion = 16.0.31702.278
MinimumVisualStudioVersion = 10.0.40219.1
Project("{FAE04EC0-301F-11D3-BF4B-00C04F79EFBC}") = "2021_c_basis_oef_3", "2021_c_basis_oef_3\2021_c_basis_oef_3.csproj", "{81780404-FCB2-4E1E-B30B-7D63831E3833}"
EndProject
Global
	GlobalSection(SolutionConfigurationPlatforms) = preSolution
		Debug|Any CPU = Debug|Any CPU
		Release|Any CPU = Release|Any CPU
	EndGlobalSection
	GlobalSection(ProjectConfigurationPlatforms) = postSolution
		{81780404-FCB2-4E1E-B30B-7D63831E3833}.Debug|Any CPU.ActiveCfg = Debug|Any CPU
		{81780404-FCB2-4E1E-B30B-7D63831E3833}.Debug|Any CPU.Build.0 = Debug|Any CPU
		{81780404-FCB2-4E1E-B30B-7D63831E3833}.Release|Any CPU.ActiveCfg = Release|Any CPU
		{81780404-FCB2-4E1E-B30B-7D63831E3833}.Release|Any CPU.Build.0 = Release|Any CPU
	EndGlobalSection
	GlobalSection(SolutionProperties) = preSolution
		HideSolutionNode = FALSE
	EndGlobalSection
	GlobalSection(ExtensibilityGlobals) = postSolution
		SolutionGuid = {C716DEEE-B13D-4B95-B420-49A8A2521405}
	EndGlobalSection
EndGlobal
