
Microsoft Visual Studio Solution File, Format Version 12.00
# Visual Studio Version 16
VisualStudioVersion = 16.0.31702.278
MinimumVisualStudioVersion = 10.0.40219.1
Project("{FAE04EC0-301F-11D3-BF4B-00C04F79EFBC}") = "oef1_v4", "oef1_v4\oef1_v4.csproj", "{DB132FEA-FD4C-4464-9F15-108220852F90}"
EndProject
Global
	GlobalSection(SolutionConfigurationPlatforms) = preSolution
		Debug|Any CPU = Debug|Any CPU
		Release|Any CPU = Release|Any CPU
	EndGlobalSection
	GlobalSection(ProjectConfigurationPlatforms) = postSolution
		{DB132FEA-FD4C-4464-9F15-108220852F90}.Debug|Any CPU.ActiveCfg = Debug|Any CPU
		{DB132FEA-FD4C-4464-9F15-108220852F90}.Debug|Any CPU.Build.0 = Debug|Any CPU
		{DB132FEA-FD4C-4464-9F15-108220852F90}.Release|Any CPU.ActiveCfg = Release|Any CPU
		{DB132FEA-FD4C-4464-9F15-108220852F90}.Release|Any CPU.Build.0 = Release|Any CPU
	EndGlobalSection
	GlobalSection(SolutionProperties) = preSolution
		HideSolutionNode = FALSE
	EndGlobalSection
	GlobalSection(ExtensibilityGlobals) = postSolution
		SolutionGuid = {83B5DB97-B4F9-4A4A-B0B0-14253D8FAAAA}
	EndGlobalSection
EndGlobal
